
Microsoft Visual Studio Solution File, Format Version 12.00
# Visual Studio Version 17
VisualStudioVersion = 17.11.35222.181
MinimumVisualStudioVersion = 10.0.40219.1
Project("{9A19103F-16F7-4668-BE54-9A1E7A4F7556}") = "PatikaBackendWeek4_FirstClass", "PatikaBackendWeek4_FirstClass\PatikaBackendWeek4_FirstClass.csproj", "{11A7C13F-6154-40AB-90F1-34931B3A9E51}"
EndProject
Project("{FAE04EC0-301F-11D3-BF4B-00C04F79EFBC}") = "PatikaBackendWeek4_Constructor", "PatikaBackendWeek4_Constructor\PatikaBackendWeek4_Constructor.csproj", "{11A22732-2872-4898-831B-E047CAC3822A}"
EndProject
Global
	GlobalSection(SolutionConfigurationPlatforms) = preSolution
		Debug|Any CPU = Debug|Any CPU
		Release|Any CPU = Release|Any CPU
	EndGlobalSection
	GlobalSection(ProjectConfigurationPlatforms) = postSolution
		{11A7C13F-6154-40AB-90F1-34931B3A9E51}.Debug|Any CPU.ActiveCfg = Debug|Any CPU
		{11A7C13F-6154-40AB-90F1-34931B3A9E51}.Debug|Any CPU.Build.0 = Debug|Any CPU
		{11A7C13F-6154-40AB-90F1-34931B3A9E51}.Release|Any CPU.ActiveCfg = Release|Any CPU
		{11A7C13F-6154-40AB-90F1-34931B3A9E51}.Release|Any CPU.Build.0 = Release|Any CPU
		{11A22732-2872-4898-831B-E047CAC3822A}.Debug|Any CPU.ActiveCfg = Debug|Any CPU
		{11A22732-2872-4898-831B-E047CAC3822A}.Debug|Any CPU.Build.0 = Debug|Any CPU
		{11A22732-2872-4898-831B-E047CAC3822A}.Release|Any CPU.ActiveCfg = Release|Any CPU
		{11A22732-2872-4898-831B-E047CAC3822A}.Release|Any CPU.Build.0 = Release|Any CPU
	EndGlobalSection
	GlobalSection(SolutionProperties) = preSolution
		HideSolutionNode = FALSE
	EndGlobalSection
	GlobalSection(ExtensibilityGlobals) = postSolution
		SolutionGuid = {FFD9FE3E-47D3-4918-9CAB-ED8F7549FDB2}
	EndGlobalSection
EndGlobal
