
Microsoft Visual Studio Solution File, Format Version 12.00
# Visual Studio Version 17
VisualStudioVersion = 17.11.35222.181
MinimumVisualStudioVersion = 10.0.40219.1
Project("{9A19103F-16F7-4668-BE54-9A1E7A4F7556}") = "PatikaBackendWeek4_FirstClass", "PatikaBackendWeek4_FirstClass\PatikaBackendWeek4_FirstClass.csproj", "{11A7C13F-6154-40AB-90F1-34931B3A9E51}"
EndProject
Project("{9A19103F-16F7-4668-BE54-9A1E7A4F7556}") = "PatikaBackendWeek4_Constructor", "PatikaBackendWeek4_Constructor\PatikaBackendWeek4_Constructor.csproj", "{11A22732-2872-4898-831B-E047CAC3822A}"
EndProject
Project("{9A19103F-16F7-4668-BE54-9A1E7A4F7556}") = "PatikaBackendWeek4_Library", "PatikaBackendWeek4_Library\PatikaBackendWeek4_Library.csproj", "{0F1AACCA-9AAC-4490-91BF-ED42DE6F0BD2}"
EndProject
Project("{9A19103F-16F7-4668-BE54-9A1E7A4F7556}") = "PatikaBackendWeek4_Encapsulation", "PatikaBackendWeek4_Encapsulation\PatikaBackendWeek4_Encapsulation.csproj", "{4F07B2A5-AAC2-4B12-9959-B391804444F7}"
EndProject
Project("{FAE04EC0-301F-11D3-BF4B-00C04F79EFBC}") = "PatikaBackendWeek4_Inheritance", "PatikaBackendWeek4_Inheritance\PatikaBackendWeek4_Inheritance.csproj", "{CFC837A7-3152-4F81-8591-7C3F3FF5F45B}"
EndProject
Project("{FAE04EC0-301F-11D3-BF4B-00C04F79EFBC}") = "PatikaBackendWeek4_Polymorphism", "PatikaBackendWeek4_Polymorphism\PatikaBackendWeek4_Polymorphism.csproj", "{83FEEF75-6BA1-435C-A394-F20ACEF06826}"
EndProject
Project("{FAE04EC0-301F-11D3-BF4B-00C04F79EFBC}") = "PatikaBackendWeek4_Abstraction", "PatikaBackendWeek4_Abstraction\PatikaBackendWeek4_Abstraction.csproj", "{0993C3B0-F342-459E-A65D-73E88E3FEB6D}"
EndProject
Global
	GlobalSection(SolutionConfigurationPlatforms) = preSolution
		Debug|Any CPU = Debug|Any CPU
		Release|Any CPU = Release|Any CPU
	EndGlobalSection
	GlobalSection(ProjectConfigurationPlatforms) = postSolution
		{11A7C13F-6154-40AB-90F1-34931B3A9E51}.Debug|Any CPU.ActiveCfg = Debug|Any CPU
		{11A7C13F-6154-40AB-90F1-34931B3A9E51}.Debug|Any CPU.Build.0 = Debug|Any CPU
		{11A7C13F-6154-40AB-90F1-34931B3A9E51}.Release|Any CPU.ActiveCfg = Release|Any CPU
		{11A7C13F-6154-40AB-90F1-34931B3A9E51}.Release|Any CPU.Build.0 = Release|Any CPU
		{11A22732-2872-4898-831B-E047CAC3822A}.Debug|Any CPU.ActiveCfg = Debug|Any CPU
		{11A22732-2872-4898-831B-E047CAC3822A}.Debug|Any CPU.Build.0 = Debug|Any CPU
		{11A22732-2872-4898-831B-E047CAC3822A}.Release|Any CPU.ActiveCfg = Release|Any CPU
		{11A22732-2872-4898-831B-E047CAC3822A}.Release|Any CPU.Build.0 = Release|Any CPU
		{0F1AACCA-9AAC-4490-91BF-ED42DE6F0BD2}.Debug|Any CPU.ActiveCfg = Debug|Any CPU
		{0F1AACCA-9AAC-4490-91BF-ED42DE6F0BD2}.Debug|Any CPU.Build.0 = Debug|Any CPU
		{0F1AACCA-9AAC-4490-91BF-ED42DE6F0BD2}.Release|Any CPU.ActiveCfg = Release|Any CPU
		{0F1AACCA-9AAC-4490-91BF-ED42DE6F0BD2}.Release|Any CPU.Build.0 = Release|Any CPU
		{4F07B2A5-AAC2-4B12-9959-B391804444F7}.Debug|Any CPU.ActiveCfg = Debug|Any CPU
		{4F07B2A5-AAC2-4B12-9959-B391804444F7}.Debug|Any CPU.Build.0 = Debug|Any CPU
		{4F07B2A5-AAC2-4B12-9959-B391804444F7}.Release|Any CPU.ActiveCfg = Release|Any CPU
		{4F07B2A5-AAC2-4B12-9959-B391804444F7}.Release|Any CPU.Build.0 = Release|Any CPU
		{CFC837A7-3152-4F81-8591-7C3F3FF5F45B}.Debug|Any CPU.ActiveCfg = Debug|Any CPU
		{CFC837A7-3152-4F81-8591-7C3F3FF5F45B}.Debug|Any CPU.Build.0 = Debug|Any CPU
		{CFC837A7-3152-4F81-8591-7C3F3FF5F45B}.Release|Any CPU.ActiveCfg = Release|Any CPU
		{CFC837A7-3152-4F81-8591-7C3F3FF5F45B}.Release|Any CPU.Build.0 = Release|Any CPU
		{83FEEF75-6BA1-435C-A394-F20ACEF06826}.Debug|Any CPU.ActiveCfg = Debug|Any CPU
		{83FEEF75-6BA1-435C-A394-F20ACEF06826}.Debug|Any CPU.Build.0 = Debug|Any CPU
		{83FEEF75-6BA1-435C-A394-F20ACEF06826}.Release|Any CPU.ActiveCfg = Release|Any CPU
		{83FEEF75-6BA1-435C-A394-F20ACEF06826}.Release|Any CPU.Build.0 = Release|Any CPU
		{0993C3B0-F342-459E-A65D-73E88E3FEB6D}.Debug|Any CPU.ActiveCfg = Debug|Any CPU
		{0993C3B0-F342-459E-A65D-73E88E3FEB6D}.Debug|Any CPU.Build.0 = Debug|Any CPU
		{0993C3B0-F342-459E-A65D-73E88E3FEB6D}.Release|Any CPU.ActiveCfg = Release|Any CPU
		{0993C3B0-F342-459E-A65D-73E88E3FEB6D}.Release|Any CPU.Build.0 = Release|Any CPU
	EndGlobalSection
	GlobalSection(SolutionProperties) = preSolution
		HideSolutionNode = FALSE
	EndGlobalSection
	GlobalSection(ExtensibilityGlobals) = postSolution
		SolutionGuid = {FFD9FE3E-47D3-4918-9CAB-ED8F7549FDB2}
	EndGlobalSection
EndGlobal
